
Microsoft Visual Studio Solution File, Format Version 12.00
# Visual Studio Version 17
VisualStudioVersion = 17.0.31717.71
MinimumVisualStudioVersion = 10.0.40219.1
Project("{9A19103F-16F7-4668-BE54-9A1E7A4F7556}") = "BorderlessMinecraftSite", "BorderlessMinecraftSite.csproj", "{A220DB61-C59F-42A3-932A-781A71B3B060}"
EndProject
Global
	GlobalSection(SolutionConfigurationPlatforms) = preSolution
		Debug|Any CPU = Debug|Any CPU
		Release|Any CPU = Release|Any CPU
	EndGlobalSection
	GlobalSection(ProjectConfigurationPlatforms) = postSolution
		{A220DB61-C59F-42A3-932A-781A71B3B060}.Debug|Any CPU.ActiveCfg = Debug|Any CPU
		{A220DB61-C59F-42A3-932A-781A71B3B060}.Debug|Any CPU.Build.0 = Debug|Any CPU
		{A220DB61-C59F-42A3-932A-781A71B3B060}.Release|Any CPU.ActiveCfg = Release|Any CPU
		{A220DB61-C59F-42A3-932A-781A71B3B060}.Release|Any CPU.Build.0 = Release|Any CPU
	EndGlobalSection
	GlobalSection(SolutionProperties) = preSolution
		HideSolutionNode = FALSE
	EndGlobalSection
	GlobalSection(ExtensibilityGlobals) = postSolution
		SolutionGuid = {1906E3C1-6166-47C6-8310-8282C74D62BD}
	EndGlobalSection
EndGlobal